
Microsoft Visual Studio Solution File, Format Version 12.00
# Visual Studio Version 17
VisualStudioVersion = 17.7.34009.444
MinimumVisualStudioVersion = 10.0.40219.1
Project("{9A19103F-16F7-4668-BE54-9A1E7A4F7556}") = "Yoo.Trainees.ShipWars.Api", "Yoo.Trainees.ShipWars.Api\Yoo.Trainees.ShipWars.Api.csproj", "{F680F15D-151D-46A5-AF99-CEF27D22D4F4}"
	ProjectSection(ProjectDependencies) = postProject
		{AE3AB843-0FEB-42BF-B60C-5565ED687BBD} = {AE3AB843-0FEB-42BF-B60C-5565ED687BBD}
	EndProjectSection
EndProject
Project("{9A19103F-16F7-4668-BE54-9A1E7A4F7556}") = "Yoo.Trainees.ShipWars.DataBase", "Yoo.Trainees.ShipWars.DataBase\Yoo.Trainees.ShipWars.DataBase.csproj", "{AE3AB843-0FEB-42BF-B60C-5565ED687BBD}"
EndProject
Project("{FAE04EC0-301F-11D3-BF4B-00C04F79EFBC}") = "Yoo.Trainees.ShipWars.Api.Test", "Yoo.Trainees.ShipWars.Api.Test\Yoo.Trainees.ShipWars.Api.Test.csproj", "{79D5FCB2-EEC7-4323-BC94-55A291BC6303}"
EndProject
Global
	GlobalSection(SolutionConfigurationPlatforms) = preSolution
		Debug|Any CPU = Debug|Any CPU
		Release|Any CPU = Release|Any CPU
	EndGlobalSection
	GlobalSection(ProjectConfigurationPlatforms) = postSolution
		{F680F15D-151D-46A5-AF99-CEF27D22D4F4}.Debug|Any CPU.ActiveCfg = Debug|Any CPU
		{F680F15D-151D-46A5-AF99-CEF27D22D4F4}.Debug|Any CPU.Build.0 = Debug|Any CPU
		{F680F15D-151D-46A5-AF99-CEF27D22D4F4}.Release|Any CPU.ActiveCfg = Release|Any CPU
		{F680F15D-151D-46A5-AF99-CEF27D22D4F4}.Release|Any CPU.Build.0 = Release|Any CPU
		{AE3AB843-0FEB-42BF-B60C-5565ED687BBD}.Debug|Any CPU.ActiveCfg = Debug|Any CPU
		{AE3AB843-0FEB-42BF-B60C-5565ED687BBD}.Debug|Any CPU.Build.0 = Debug|Any CPU
		{AE3AB843-0FEB-42BF-B60C-5565ED687BBD}.Release|Any CPU.ActiveCfg = Release|Any CPU
		{AE3AB843-0FEB-42BF-B60C-5565ED687BBD}.Release|Any CPU.Build.0 = Release|Any CPU
		{79D5FCB2-EEC7-4323-BC94-55A291BC6303}.Debug|Any CPU.ActiveCfg = Debug|Any CPU
		{79D5FCB2-EEC7-4323-BC94-55A291BC6303}.Debug|Any CPU.Build.0 = Debug|Any CPU
		{79D5FCB2-EEC7-4323-BC94-55A291BC6303}.Release|Any CPU.ActiveCfg = Release|Any CPU
		{79D5FCB2-EEC7-4323-BC94-55A291BC6303}.Release|Any CPU.Build.0 = Release|Any CPU
	EndGlobalSection
	GlobalSection(SolutionProperties) = preSolution
		HideSolutionNode = FALSE
	EndGlobalSection
	GlobalSection(ExtensibilityGlobals) = postSolution
		SolutionGuid = {07595FFF-753E-4E6D-87B4-D99D89DAEA79}
	EndGlobalSection
EndGlobal
